// !$*UTF8*$!
{
	archiveVersion = 1;
	classes = {
	};
	objectVersion = 46;
	objects = {

/* Begin PBXBuildFile section */
		6CAA40F91AD522A6006E0379 /* AppDelegate.swift in Sources */ = {isa = PBXBuildFile; fileRef = 6CAA40F81AD522A6006E0379 /* AppDelegate.swift */; };
		6CAA40FB1AD522A6006E0379 /* ViewController.swift in Sources */ = {isa = PBXBuildFile; fileRef = 6CAA40FA1AD522A6006E0379 /* ViewController.swift */; };
		6CAA40FE1AD522A6006E0379 /* Main.storyboard in Resources */ = {isa = PBXBuildFile; fileRef = 6CAA40FC1AD522A6006E0379 /* Main.storyboard */; };
		6CAA41001AD522A6006E0379 /* Images.xcassets in Resources */ = {isa = PBXBuildFile; fileRef = 6CAA40FF1AD522A6006E0379 /* Images.xcassets */; };
		6CAA41031AD522A6006E0379 /* LaunchScreen.xib in Resources */ = {isa = PBXBuildFile; fileRef = 6CAA41011AD522A6006E0379 /* LaunchScreen.xib */; };
		6CAA410F1AD522A6006E0379 /* IcloudKitTests.swift in Sources */ = {isa = PBXBuildFile; fileRef = 6CAA410E1AD522A6006E0379 /* IcloudKitTests.swift */; };
/* End PBXBuildFile section */

/* Begin PBXContainerItemProxy section */
		6CAA41091AD522A6006E0379 /* PBXContainerItemProxy */ = {
			isa = PBXContainerItemProxy;
			containerPortal = 6CAA40EB1AD522A6006E0379 /* Project object */;
			proxyType = 1;
			remoteGlobalIDString = 6CAA40F21AD522A6006E0379;
			remoteInfo = IcloudKit;
		};
/* End PBXContainerItemProxy section */

/* Begin PBXFileReference section */
		6CAA40F31AD522A6006E0379 /* IcloudKit.app */ = {isa = PBXFileReference; explicitFileType = wrapper.application; includeInIndex = 0; path = IcloudKit.app; sourceTree = BUILT_PRODUCTS_DIR; };
		6CAA40F71AD522A6006E0379 /* Info.plist */ = {isa = PBXFileReference; lastKnownFileType = text.plist.xml; path = Info.plist; sourceTree = "<group>"; };
		6CAA40F81AD522A6006E0379 /* AppDelegate.swift */ = {isa = PBXFileReference; lastKnownFileType = sourcecode.swift; path = AppDelegate.swift; sourceTree = "<group>"; };
		6CAA40FA1AD522A6006E0379 /* ViewController.swift */ = {isa = PBXFileReference; lastKnownFileType = sourcecode.swift; path = ViewController.swift; sourceTree = "<group>"; };
		6CAA40FD1AD522A6006E0379 /* Base */ = {isa = PBXFileReference; lastKnownFileType = file.storyboard; name = Base; path = Base.lproj/Main.storyboard; sourceTree = "<group>"; };
		6CAA40FF1AD522A6006E0379 /* Images.xcassets */ = {isa = PBXFileReference; lastKnownFileType = folder.assetcatalog; path = Images.xcassets; sourceTree = "<group>"; };
		6CAA41021AD522A6006E0379 /* Base */ = {isa = PBXFileReference; lastKnownFileType = file.xib; name = Base; path = Base.lproj/LaunchScreen.xib; sourceTree = "<group>"; };
		6CAA41081AD522A6006E0379 /* IcloudKitTests.xctest */ = {isa = PBXFileReference; explicitFileType = wrapper.cfbundle; includeInIndex = 0; path = IcloudKitTests.xctest; sourceTree = BUILT_PRODUCTS_DIR; };
		6CAA410D1AD522A6006E0379 /* Info.plist */ = {isa = PBXFileReference; lastKnownFileType = text.plist.xml; path = Info.plist; sourceTree = "<group>"; };
		6CAA410E1AD522A6006E0379 /* IcloudKitTests.swift */ = {isa = PBXFileReference; lastKnownFileType = sourcecode.swift; path = IcloudKitTests.swift; sourceTree = "<group>"; };
/* End PBXFileReference section */

/* Begin PBXFrameworksBuildPhase section */
		6CAA40F01AD522A6006E0379 /* Frameworks */ = {
			isa = PBXFrameworksBuildPhase;
			buildActionMask = 2147483647;
			files = (
			);
			runOnlyForDeploymentPostprocessing = 0;
		};
		6CAA41051AD522A6006E0379 /* Frameworks */ = {
			isa = PBXFrameworksBuildPhase;
			buildActionMask = 2147483647;
			files = (
			);
			runOnlyForDeploymentPostprocessing = 0;
		};
/* End PBXFrameworksBuildPhase section */

/* Begin PBXGroup section */
		6CAA40EA1AD522A6006E0379 = {
			isa = PBXGroup;
			children = (
				6CAA40F51AD522A6006E0379 /* IcloudKit */,
				6CAA410B1AD522A6006E0379 /* IcloudKitTests */,
				6CAA40F41AD522A6006E0379 /* Products */,
			);
			sourceTree = "<group>";
		};
		6CAA40F41AD522A6006E0379 /* Products */ = {
			isa = PBXGroup;
			children = (
				6CAA40F31AD522A6006E0379 /* IcloudKit.app */,
				6CAA41081AD522A6006E0379 /* IcloudKitTests.xctest */,
			);
			name = Products;
			sourceTree = "<group>";
		};
		6CAA40F51AD522A6006E0379 /* IcloudKit */ = {
			isa = PBXGroup;
			children = (
				6CAA40F81AD522A6006E0379 /* AppDelegate.swift */,
				6CAA40FA1AD522A6006E0379 /* ViewController.swift */,
				6CAA40FC1AD522A6006E0379 /* Main.storyboard */,
				6CAA40FF1AD522A6006E0379 /* Images.xcassets */,
				6CAA41011AD522A6006E0379 /* LaunchScreen.xib */,
				6CAA40F61AD522A6006E0379 /* Supporting Files */,
			);
			path = IcloudKit;
			sourceTree = "<group>";
		};
		6CAA40F61AD522A6006E0379 /* Supporting Files */ = {
			isa = PBXGroup;
			children = (
				6CAA40F71AD522A6006E0379 /* Info.plist */,
			);
			name = "Supporting Files";
			sourceTree = "<group>";
		};
		6CAA410B1AD522A6006E0379 /* IcloudKitTests */ = {
			isa = PBXGroup;
			children = (
				6CAA410E1AD522A6006E0379 /* IcloudKitTests.swift */,
				6CAA410C1AD522A6006E0379 /* Supporting Files */,
			);
			path = IcloudKitTests;
			sourceTree = "<group>";
		};
		6CAA410C1AD522A6006E0379 /* Supporting Files */ = {
			isa = PBXGroup;
			children = (
				6CAA410D1AD522A6006E0379 /* Info.plist */,
			);
			name = "Supporting Files";
			sourceTree = "<group>";
		};
/* End PBXGroup section */

/* Begin PBXNativeTarget section */
		6CAA40F21AD522A6006E0379 /* IcloudKit */ = {
			isa = PBXNativeTarget;
			buildConfigurationList = 6CAA41121AD522A6006E0379 /* Build configuration list for PBXNativeTarget "IcloudKit" */;
			buildPhases = (
				6CAA40EF1AD522A6006E0379 /* Sources */,
				6CAA40F01AD522A6006E0379 /* Frameworks */,
				6CAA40F11AD522A6006E0379 /* Resources */,
			);
			buildRules = (
			);
			dependencies = (
			);
			name = IcloudKit;
			productName = IcloudKit;
			productReference = 6CAA40F31AD522A6006E0379 /* IcloudKit.app */;
			productType = "com.apple.product-type.application";
		};
		6CAA41071AD522A6006E0379 /* IcloudKitTests */ = {
			isa = PBXNativeTarget;
			buildConfigurationList = 6CAA41151AD522A6006E0379 /* Build configuration list for PBXNativeTarget "IcloudKitTests" */;
			buildPhases = (
				6CAA41041AD522A6006E0379 /* Sources */,
				6CAA41051AD522A6006E0379 /* Frameworks */,
				6CAA41061AD522A6006E0379 /* Resources */,
			);
			buildRules = (
			);
			dependencies = (
				6CAA410A1AD522A6006E0379 /* PBXTargetDependency */,
			);
			name = IcloudKitTests;
			productName = IcloudKitTests;
			productReference = 6CAA41081AD522A6006E0379 /* IcloudKitTests.xctest */;
			productType = "com.apple.product-type.bundle.unit-test";
		};
/* End PBXNativeTarget section */

/* Begin PBXProject section */
		6CAA40EB1AD522A6006E0379 /* Project object */ = {
			isa = PBXProject;
			attributes = {
				LastUpgradeCheck = 0630;
				ORGANIZATIONNAME = "pegasus studios";
				TargetAttributes = {
					6CAA40F21AD522A6006E0379 = {
						CreatedOnToolsVersion = 6.3;
					};
					6CAA41071AD522A6006E0379 = {
						CreatedOnToolsVersion = 6.3;
						TestTargetID = 6CAA40F21AD522A6006E0379;
					};
				};
			};
			buildConfigurationList = 6CAA40EE1AD522A6006E0379 /* Build configuration list for PBXProject "IcloudKit" */;
			compatibilityVersion = "Xcode 3.2";
			developmentRegion = English;
			hasScannedForEncodings = 0;
			knownRegions = (
				en,
				Base,
			);
			mainGroup = 6CAA40EA1AD522A6006E0379;
			productRefGroup = 6CAA40F41AD522A6006E0379 /* Products */;
			projectDirPath = "";
			projectRoot = "";
			targets = (
				6CAA40F21AD522A6006E0379 /* IcloudKit */,
				6CAA41071AD522A6006E0379 /* IcloudKitTests */,
			);
		};
/* End PBXProject section */

/* Begin PBXResourcesBuildPhase section */
		6CAA40F11AD522A6006E0379 /* Resources */ = {
			isa = PBXResourcesBuildPhase;
			buildActionMask = 2147483647;
			files = (
				6CAA40FE1AD522A6006E0379 /* Main.storyboard in Resources */,
				6CAA41031AD522A6006E0379 /* LaunchScreen.xib in Resources */,
				6CAA41001AD522A6006E0379 /* Images.xcassets in Resources */,
			);
			runOnlyForDeploymentPostprocessing = 0;
		};
		6CAA41061AD522A6006E0379 /* Resources */ = {
			isa = PBXResourcesBuildPhase;
			buildActionMask = 2147483647;
			files = (
			);
			runOnlyForDeploymentPostprocessing = 0;
		};
/* End PBXResourcesBuildPhase section */

/* Begin PBXSourcesBuildPhase section */
		6CAA40EF1AD522A6006E0379 /* Sources */ = {
			isa = PBXSourcesBuildPhase;
			buildActionMask = 2147483647;
			files = (
				6CAA40FB1AD522A6006E0379 /* ViewController.swift in Sources */,
				6CAA40F91AD522A6006E0379 /* AppDelegate.swift in Sources */,
			);
			runOnlyForDeploymentPostprocessing = 0;
		};
		6CAA41041AD522A6006E0379 /* Sources */ = {
			isa = PBXSourcesBuildPhase;
			buildActionMask = 2147483647;
			files = (
				6CAA410F1AD522A6006E0379 /* IcloudKitTests.swift in Sources */,
			);
			runOnlyForDeploymentPostprocessing = 0;
		};
/* End PBXSourcesBuildPhase section */

/* Begin PBXTargetDependency section */
		6CAA410A1AD522A6006E0379 /* PBXTargetDependency */ = {
			isa = PBXTargetDependency;
			target = 6CAA40F21AD522A6006E0379 /* IcloudKit */;
			targetProxy = 6CAA41091AD522A6006E0379 /* PBXContainerItemProxy */;
		};
/* End PBXTargetDependency section */

/* Begin PBXVariantGroup section */
		6CAA40FC1AD522A6006E0379 /* Main.storyboard */ = {
			isa = PBXVariantGroup;
			children = (
				6CAA40FD1AD522A6006E0379 /* Base */,
			);
			name = Main.storyboard;
			sourceTree = "<group>";
		};
		6CAA41011AD522A6006E0379 /* LaunchScreen.xib */ = {
			isa = PBXVariantGroup;
			children = (
				6CAA41021AD522A6006E0379 /* Base */,
			);
			name = LaunchScreen.xib;
			sourceTree = "<group>";
		};
/* End PBXVariantGroup section */

/* Begin XCBuildConfiguration section */
		6CAA41101AD522A6006E0379 /* Debug */ = {
			isa = XCBuildConfiguration;
			buildSettings = {
				ALWAYS_SEARCH_USER_PATHS = NO;
				CLANG_CXX_LANGUAGE_STANDARD = "gnu++0x";
				CLANG_CXX_LIBRARY = "libc++";
				CLANG_ENABLE_MODULES = YES;
				CLANG_ENABLE_OBJC_ARC = YES;
				CLANG_WARN_BOOL_CONVERSION = YES;
				CLANG_WARN_CONSTANT_CONVERSION = YES;
				CLANG_WARN_DIRECT_OBJC_ISA_USAGE = YES_ERROR;
				CLANG_WARN_EMPTY_BODY = YES;
				CLANG_WARN_ENUM_CONVERSION = YES;
				CLANG_WARN_INT_CONVERSION = YES;
				CLANG_WARN_OBJC_ROOT_CLASS = YES_ERROR;
				CLANG_WARN_UNREACHABLE_CODE = YES;
				CLANG_WARN__DUPLICATE_METHOD_MATCH = YES;
				"CODE_SIGN_IDENTITY[sdk=iphoneos*]" = "iPhone Developer";
				COPY_PHASE_STRIP = NO;
				DEBUG_INFORMATION_FORMAT = "dwarf-with-dsym";
				ENABLE_STRICT_OBJC_MSGSEND = YES;
				GCC_C_LANGUAGE_STANDARD = gnu99;
				GCC_DYNAMIC_NO_PIC = NO;
				GCC_NO_COMMON_BLOCKS = YES;
				GCC_OPTIMIZATION_LEVEL = 0;
				GCC_PREPROCESSOR_DEFINITIONS = (
					"DEBUG=1",
					"$(inherited)",
				);
				GCC_SYMBOLS_PRIVATE_EXTERN = NO;
				GCC_WARN_64_TO_32_BIT_CONVERSION = YES;
				GCC_WARN_ABOUT_RETURN_TYPE = YES_ERROR;
				GCC_WARN_UNDECLARED_SELECTOR = YES;
				GCC_WARN_UNINITIALIZED_AUTOS = YES_AGGRESSIVE;
				GCC_WARN_UNUSED_FUNCTION = YES;
				GCC_WARN_UNUSED_VARIABLE = YES;
				IPHONEOS_DEPLOYMENT_TARGET = 8.3;
				MTL_ENABLE_DEBUG_INFO = YES;
				ONLY_ACTIVE_ARCH = YES;
				SDKROOT = iphoneos;
				SWIFT_OPTIMIZATION_LEVEL = "-Onone";
			};
			name = Debug;
		};
		6CAA41111AD522A6006E0379 /* Release */ = {
			isa = XCBuildConfiguration;
			buildSettings = {
				ALWAYS_SEARCH_USER_PATHS = NO;
				CLANG_CXX_LANGUAGE_STANDARD = "gnu++0x";
				CLANG_CXX_LIBRARY = "libc++";
				CLANG_ENABLE_MODULES = YES;
				CLANG_ENABLE_OBJC_ARC = YES;
				CLANG_WARN_BOOL_CONVERSION = YES;
				CLANG_WARN_CONSTANT_CONVERSION = YES;
				CLANG_WARN_DIRECT_OBJC_ISA_USAGE = YES_ERROR;
				CLANG_WARN_EMPTY_BODY = YES;
				CLANG_WARN_ENUM_CONVERSION = YES;
				CLANG_WARN_INT_CONVERSION = YES;
				CLANG_WARN_OBJC_ROOT_CLASS = YES_ERROR;
				CLANG_WARN_UNREACHABLE_CODE = YES;
				CLANG_WARN__DUPLICATE_METHOD_MATCH = YES;
				"CODE_SIGN_IDENTITY[sdk=iphoneos*]" = "iPhone Developer";
				COPY_PHASE_STRIP = NO;
				DEBUG_INFORMATION_FORMAT = "dwarf-with-dsym";
				ENABLE_NS_ASSERTIONS = NO;
				ENABLE_STRICT_OBJC_MSGSEND = YES;
				GCC_C_LANGUAGE_STANDARD = gnu99;
				GCC_NO_COMMON_BLOCKS = YES;
				GCC_WARN_64_TO_32_BIT_CONVERSION = YES;
				GCC_WARN_ABOUT_RETURN_TYPE = YES_ERROR;
				GCC_WARN_UNDECLARED_SELECTOR = YES;
				GCC_WARN_UNINITIALIZED_AUTOS = YES_AGGRESSIVE;
				GCC_WARN_UNUSED_FUNCTION = YES;
				GCC_WARN_UNUSED_VARIABLE = YES;
				IPHONEOS_DEPLOYMENT_TARGET = 8.3;
				MTL_ENABLE_DEBUG_INFO = NO;
				SDKROOT = iphoneos;
				VALIDATE_PRODUCT = YES;
			};
			name = Release;
		};
		6CAA41131AD522A6006E0379 /* Debug */ = {
			isa = XCBuildConfiguration;
			buildSettings = {
				ASSETCATALOG_COMPILER_APPICON_NAME = AppIcon;
				INFOPLIST_FILE = IcloudKit/Info.plist;
				LD_RUNPATH_SEARCH_PATHS = "$(inherited) @executable_path/Frameworks";
				PRODUCT_NAME = "$(TARGET_NAME)";
			};
			name = Debug;
		};
		6CAA41141AD522A6006E0379 /* Release */ = {
			isa = XCBuildConfiguration;
			buildSettings = {
				ASSETCATALOG_COMPILER_APPICON_NAME = AppIcon;
				INFOPLIST_FILE = IcloudKit/Info.plist;
				LD_RUNPATH_SEARCH_PATHS = "$(inherited) @executable_path/Frameworks";
				PRODUCT_NAME = "$(TARGET_NAME)";
			};
			name = Release;
		};
		6CAA41161AD522A6006E0379 /* Debug */ = {
			isa = XCBuildConfiguration;
			buildSettings = {
				BUNDLE_LOADER = "$(TEST_HOST)";
				FRAMEWORK_SEARCH_PATHS = (
					"$(SDKROOT)/Developer/Library/Frameworks",
					"$(inherited)",
				);
				GCC_PREPROCESSOR_DEFINITIONS = (
					"DEBUG=1",
					"$(inherited)",
				);
				INFOPLIST_FILE = IcloudKitTests/Info.plist;
				LD_RUNPATH_SEARCH_PATHS = "$(inherited) @executable_path/Frameworks @loader_path/Frameworks";
				PRODUCT_NAME = "$(TARGET_NAME)";
				TEST_HOST = "$(BUILT_PRODUCTS_DIR)/IcloudKit.app/IcloudKit";
			};
			name = Debug;
		};
		6CAA41171AD522A6006E0379 /* Release */ = {
			isa = XCBuildConfiguration;
			buildSettings = {
				BUNDLE_LOADER = "$(TEST_HOST)";
				FRAMEWORK_SEARCH_PATHS = (
					"$(SDKROOT)/Developer/Library/Frameworks",
					"$(inherited)",
				);
				INFOPLIST_FILE = IcloudKitTests/Info.plist;
				LD_RUNPATH_SEARCH_PATHS = "$(inherited) @executable_path/Frameworks @loader_path/Frameworks";
				PRODUCT_NAME = "$(TARGET_NAME)";
				TEST_HOST = "$(BUILT_PRODUCTS_DIR)/IcloudKit.app/IcloudKit";
			};
			name = Release;
		};
/* End XCBuildConfiguration section */

/* Begin XCConfigurationList section */
		6CAA40EE1AD522A6006E0379 /* Build configuration list for PBXProject "IcloudKit" */ = {
			isa = XCConfigurationList;
			buildConfigurations = (
				6CAA41101AD522A6006E0379 /* Debug */,
				6CAA41111AD522A6006E0379 /* Release */,
			);
			defaultConfigurationIsVisible = 0;
			defaultConfigurationName = Release;
		};
		6CAA41121AD522A6006E0379 /* Build configuration list for PBXNativeTarget "IcloudKit" */ = {
			isa = XCConfigurationList;
			buildConfigurations = (
				6CAA41131AD522A6006E0379 /* Debug */,
				6CAA41141AD522A6006E0379 /* Release */,
			);
			defaultConfigurationIsVisible = 0;
		};
		6CAA41151AD522A6006E0379 /* Build configuration list for PBXNativeTarget "IcloudKitTests" */ = {
			isa = XCConfigurationList;
			buildConfigurations = (
				6CAA41161AD522A6006E0379 /* Debug */,
				6CAA41171AD522A6006E0379 /* Release */,
			);
			defaultConfigurationIsVisible = 0;
		};
/* End XCConfigurationList section */
	};
	rootObject = 6CAA40EB1AD522A6006E0379 /* Project object */;
}
